// !$*UTF8*$!
{
	archiveVersion = 1;
	classes = {
	};
	objectVersion = 56;
	objects = {

/* Begin PBXBuildFile section */
		5326EB032BAB276F00B0C9C9 /* PokeAPIApp.swift in Sources */ = {isa = PBXBuildFile; fileRef = 5326EB022BAB276F00B0C9C9 /* PokeAPIApp.swift */; };
		5326EB052BAB276F00B0C9C9 /* ContentView.swift in Sources */ = {isa = PBXBuildFile; fileRef = 5326EB042BAB276F00B0C9C9 /* ContentView.swift */; };
		5326EB072BAB277000B0C9C9 /* Assets.xcassets in Resources */ = {isa = PBXBuildFile; fileRef = 5326EB062BAB277000B0C9C9 /* Assets.xcassets */; };
		5326EB0A2BAB277000B0C9C9 /* Preview Assets.xcassets in Resources */ = {isa = PBXBuildFile; fileRef = 5326EB092BAB277000B0C9C9 /* Preview Assets.xcassets */; };
		5326EB142BAB277000B0C9C9 /* PokeAPITests.swift in Sources */ = {isa = PBXBuildFile; fileRef = 5326EB132BAB277000B0C9C9 /* PokeAPITests.swift */; };
		5326EB1E2BAB277000B0C9C9 /* PokeAPIUITests.swift in Sources */ = {isa = PBXBuildFile; fileRef = 5326EB1D2BAB277000B0C9C9 /* PokeAPIUITests.swift */; };
		5326EB202BAB277000B0C9C9 /* PokeAPIUITestsLaunchTests.swift in Sources */ = {isa = PBXBuildFile; fileRef = 5326EB1F2BAB277000B0C9C9 /* PokeAPIUITestsLaunchTests.swift */; };
		5356E0C62BB19D4400345914 /* Pokemon.swift in Sources */ = {isa = PBXBuildFile; fileRef = 5356E0C52BB19D4400345914 /* Pokemon.swift */; };
		53EBD7672BAB91AA005739E9 /* PokemonCell.swift in Sources */ = {isa = PBXBuildFile; fileRef = 53EBD7662BAB91AA005739E9 /* PokemonCell.swift */; };
		53EBD7692BAB9D2E005739E9 /* PokedexView.swift in Sources */ = {isa = PBXBuildFile; fileRef = 53EBD7682BAB9D2E005739E9 /* PokedexView.swift */; };
/* End PBXBuildFile section */

/* Begin PBXContainerItemProxy section */
		5326EB102BAB277000B0C9C9 /* PBXContainerItemProxy */ = {
			isa = PBXContainerItemProxy;
			containerPortal = 5326EAF72BAB276F00B0C9C9 /* Project object */;
			proxyType = 1;
			remoteGlobalIDString = 5326EAFE2BAB276F00B0C9C9;
			remoteInfo = PokeAPI;
		};
		5326EB1A2BAB277000B0C9C9 /* PBXContainerItemProxy */ = {
			isa = PBXContainerItemProxy;
			containerPortal = 5326EAF72BAB276F00B0C9C9 /* Project object */;
			proxyType = 1;
			remoteGlobalIDString = 5326EAFE2BAB276F00B0C9C9;
			remoteInfo = PokeAPI;
		};
/* End PBXContainerItemProxy section */

/* Begin PBXFileReference section */
		5326EAFF2BAB276F00B0C9C9 /* PokeAPI.app */ = {isa = PBXFileReference; explicitFileType = wrapper.application; includeInIndex = 0; path = PokeAPI.app; sourceTree = BUILT_PRODUCTS_DIR; };
		5326EB022BAB276F00B0C9C9 /* PokeAPIApp.swift */ = {isa = PBXFileReference; lastKnownFileType = sourcecode.swift; path = PokeAPIApp.swift; sourceTree = "<group>"; };
		5326EB042BAB276F00B0C9C9 /* ContentView.swift */ = {isa = PBXFileReference; lastKnownFileType = sourcecode.swift; path = ContentView.swift; sourceTree = "<group>"; };
		5326EB062BAB277000B0C9C9 /* Assets.xcassets */ = {isa = PBXFileReference; lastKnownFileType = folder.assetcatalog; path = Assets.xcassets; sourceTree = "<group>"; };
		5326EB092BAB277000B0C9C9 /* Preview Assets.xcassets */ = {isa = PBXFileReference; lastKnownFileType = folder.assetcatalog; path = "Preview Assets.xcassets"; sourceTree = "<group>"; };
		5326EB0F2BAB277000B0C9C9 /* PokeAPITests.xctest */ = {isa = PBXFileReference; explicitFileType = wrapper.cfbundle; includeInIndex = 0; path = PokeAPITests.xctest; sourceTree = BUILT_PRODUCTS_DIR; };
		5326EB132BAB277000B0C9C9 /* PokeAPITests.swift */ = {isa = PBXFileReference; lastKnownFileType = sourcecode.swift; path = PokeAPITests.swift; sourceTree = "<group>"; };
		5326EB192BAB277000B0C9C9 /* PokeAPIUITests.xctest */ = {isa = PBXFileReference; explicitFileType = wrapper.cfbundle; includeInIndex = 0; path = PokeAPIUITests.xctest; sourceTree = BUILT_PRODUCTS_DIR; };
		5326EB1D2BAB277000B0C9C9 /* PokeAPIUITests.swift */ = {isa = PBXFileReference; lastKnownFileType = sourcecode.swift; path = PokeAPIUITests.swift; sourceTree = "<group>"; };
		5326EB1F2BAB277000B0C9C9 /* PokeAPIUITestsLaunchTests.swift */ = {isa = PBXFileReference; lastKnownFileType = sourcecode.swift; path = PokeAPIUITestsLaunchTests.swift; sourceTree = "<group>"; };
		5356E0C52BB19D4400345914 /* Pokemon.swift */ = {isa = PBXFileReference; lastKnownFileType = sourcecode.swift; path = Pokemon.swift; sourceTree = "<group>"; };
		53EBD7662BAB91AA005739E9 /* PokemonCell.swift */ = {isa = PBXFileReference; lastKnownFileType = sourcecode.swift; path = PokemonCell.swift; sourceTree = "<group>"; };
		53EBD7682BAB9D2E005739E9 /* PokedexView.swift */ = {isa = PBXFileReference; lastKnownFileType = sourcecode.swift; path = PokedexView.swift; sourceTree = "<group>"; };
/* End PBXFileReference section */

/* Begin PBXFrameworksBuildPhase section */
		5326EAFC2BAB276F00B0C9C9 /* Frameworks */ = {
			isa = PBXFrameworksBuildPhase;
			buildActionMask = 2147483647;
			files = (
			);
			runOnlyForDeploymentPostprocessing = 0;
		};
		5326EB0C2BAB277000B0C9C9 /* Frameworks */ = {
			isa = PBXFrameworksBuildPhase;
			buildActionMask = 2147483647;
			files = (
			);
			runOnlyForDeploymentPostprocessing = 0;
		};
		5326EB162BAB277000B0C9C9 /* Frameworks */ = {
			isa = PBXFrameworksBuildPhase;
			buildActionMask = 2147483647;
			files = (
			);
			runOnlyForDeploymentPostprocessing = 0;
		};
/* End PBXFrameworksBuildPhase section */

/* Begin PBXGroup section */
		5326EAF62BAB276F00B0C9C9 = {
			isa = PBXGroup;
			children = (
				5326EB012BAB276F00B0C9C9 /* PokeAPI */,
				5326EB122BAB277000B0C9C9 /* PokeAPITests */,
				5326EB1C2BAB277000B0C9C9 /* PokeAPIUITests */,
				5326EB002BAB276F00B0C9C9 /* Products */,
			);
			sourceTree = "<group>";
		};
		5326EB002BAB276F00B0C9C9 /* Products */ = {
			isa = PBXGroup;
			children = (
				5326EAFF2BAB276F00B0C9C9 /* PokeAPI.app */,
				5326EB0F2BAB277000B0C9C9 /* PokeAPITests.xctest */,
				5326EB192BAB277000B0C9C9 /* PokeAPIUITests.xctest */,
			);
			name = Products;
			sourceTree = "<group>";
		};
		5326EB012BAB276F00B0C9C9 /* PokeAPI */ = {
			isa = PBXGroup;
			children = (
				53EBD7652BAB9140005739E9 /* Model */,
				53EBD7642BAB913A005739E9 /* View */,
				53EBD7632BAB9136005739E9 /* ViewModel */,
				5326EB022BAB276F00B0C9C9 /* PokeAPIApp.swift */,
				5326EB042BAB276F00B0C9C9 /* ContentView.swift */,
				5326EB062BAB277000B0C9C9 /* Assets.xcassets */,
				5326EB082BAB277000B0C9C9 /* Preview Content */,
			);
			path = PokeAPI;
			sourceTree = "<group>";
		};
		5326EB082BAB277000B0C9C9 /* Preview Content */ = {
			isa = PBXGroup;
			children = (
				5326EB092BAB277000B0C9C9 /* Preview Assets.xcassets */,
			);
			path = "Preview Content";
			sourceTree = "<group>";
		};
		5326EB122BAB277000B0C9C9 /* PokeAPITests */ = {
			isa = PBXGroup;
			children = (
				5326EB132BAB277000B0C9C9 /* PokeAPITests.swift */,
			);
			path = PokeAPITests;
			sourceTree = "<group>";
		};
		5326EB1C2BAB277000B0C9C9 /* PokeAPIUITests */ = {
			isa = PBXGroup;
			children = (
				5326EB1D2BAB277000B0C9C9 /* PokeAPIUITests.swift */,
				5326EB1F2BAB277000B0C9C9 /* PokeAPIUITestsLaunchTests.swift */,
			);
			path = PokeAPIUITests;
			sourceTree = "<group>";
		};
		53EBD7632BAB9136005739E9 /* ViewModel */ = {
			isa = PBXGroup;
			children = (
			);
			path = ViewModel;
			sourceTree = "<group>";
		};
		53EBD7642BAB913A005739E9 /* View */ = {
			isa = PBXGroup;
			children = (
				53EBD7662BAB91AA005739E9 /* PokemonCell.swift */,
				53EBD7682BAB9D2E005739E9 /* PokedexView.swift */,
			);
			path = View;
			sourceTree = "<group>";
		};
		53EBD7652BAB9140005739E9 /* Model */ = {
			isa = PBXGroup;
			children = (
				5356E0C52BB19D4400345914 /* Pokemon.swift */,
			);
			path = Model;
			sourceTree = "<group>";
		};
/* End PBXGroup section */

/* Begin PBXNativeTarget section */
		5326EAFE2BAB276F00B0C9C9 /* PokeAPI */ = {
			isa = PBXNativeTarget;
			buildConfigurationList = 5326EB232BAB277000B0C9C9 /* Build configuration list for PBXNativeTarget "PokeAPI" */;
			buildPhases = (
				5326EAFB2BAB276F00B0C9C9 /* Sources */,
				5326EAFC2BAB276F00B0C9C9 /* Frameworks */,
				5326EAFD2BAB276F00B0C9C9 /* Resources */,
			);
			buildRules = (
			);
			dependencies = (
			);
			name = PokeAPI;
			productName = PokeAPI;
			productReference = 5326EAFF2BAB276F00B0C9C9 /* PokeAPI.app */;
			productType = "com.apple.product-type.application";
		};
		5326EB0E2BAB277000B0C9C9 /* PokeAPITests */ = {
			isa = PBXNativeTarget;
			buildConfigurationList = 5326EB262BAB277000B0C9C9 /* Build configuration list for PBXNativeTarget "PokeAPITests" */;
			buildPhases = (
				5326EB0B2BAB277000B0C9C9 /* Sources */,
				5326EB0C2BAB277000B0C9C9 /* Frameworks */,
				5326EB0D2BAB277000B0C9C9 /* Resources */,
			);
			buildRules = (
			);
			dependencies = (
				5326EB112BAB277000B0C9C9 /* PBXTargetDependency */,
			);
			name = PokeAPITests;
			productName = PokeAPITests;
			productReference = 5326EB0F2BAB277000B0C9C9 /* PokeAPITests.xctest */;
			productType = "com.apple.product-type.bundle.unit-test";
		};
		5326EB182BAB277000B0C9C9 /* PokeAPIUITests */ = {
			isa = PBXNativeTarget;
			buildConfigurationList = 5326EB292BAB277000B0C9C9 /* Build configuration list for PBXNativeTarget "PokeAPIUITests" */;
			buildPhases = (
				5326EB152BAB277000B0C9C9 /* Sources */,
				5326EB162BAB277000B0C9C9 /* Frameworks */,
				5326EB172BAB277000B0C9C9 /* Resources */,
			);
			buildRules = (
			);
			dependencies = (
				5326EB1B2BAB277000B0C9C9 /* PBXTargetDependency */,
			);
			name = PokeAPIUITests;
			productName = PokeAPIUITests;
			productReference = 5326EB192BAB277000B0C9C9 /* PokeAPIUITests.xctest */;
			productType = "com.apple.product-type.bundle.ui-testing";
		};
/* End PBXNativeTarget section */

/* Begin PBXProject section */
		5326EAF72BAB276F00B0C9C9 /* Project object */ = {
			isa = PBXProject;
			attributes = {
				BuildIndependentTargetsInParallel = 1;
				LastSwiftUpdateCheck = 1530;
				LastUpgradeCheck = 1530;
				TargetAttributes = {
					5326EAFE2BAB276F00B0C9C9 = {
						CreatedOnToolsVersion = 15.3;
					};
					5326EB0E2BAB277000B0C9C9 = {
						CreatedOnToolsVersion = 15.3;
						TestTargetID = 5326EAFE2BAB276F00B0C9C9;
					};
					5326EB182BAB277000B0C9C9 = {
						CreatedOnToolsVersion = 15.3;
						TestTargetID = 5326EAFE2BAB276F00B0C9C9;
					};
				};
			};
			buildConfigurationList = 5326EAFA2BAB276F00B0C9C9 /* Build configuration list for PBXProject "PokeAPI" */;
			compatibilityVersion = "Xcode 14.0";
			developmentRegion = en;
			hasScannedForEncodings = 0;
			knownRegions = (
				en,
				Base,
			);
			mainGroup = 5326EAF62BAB276F00B0C9C9;
			productRefGroup = 5326EB002BAB276F00B0C9C9 /* Products */;
			projectDirPath = "";
			projectRoot = "";
			targets = (
				5326EAFE2BAB276F00B0C9C9 /* PokeAPI */,
				5326EB0E2BAB277000B0C9C9 /* PokeAPITests */,
				5326EB182BAB277000B0C9C9 /* PokeAPIUITests */,
			);
		};
/* End PBXProject section */

/* Begin PBXResourcesBuildPhase section */
		5326EAFD2BAB276F00B0C9C9 /* Resources */ = {
			isa = PBXResourcesBuildPhase;
			buildActionMask = 2147483647;
			files = (
				5326EB0A2BAB277000B0C9C9 /* Preview Assets.xcassets in Resources */,
				5326EB072BAB277000B0C9C9 /* Assets.xcassets in Resources */,
			);
			runOnlyForDeploymentPostprocessing = 0;
		};
		5326EB0D2BAB277000B0C9C9 /* Resources */ = {
			isa = PBXResourcesBuildPhase;
			buildActionMask = 2147483647;
			files = (
			);
			runOnlyForDeploymentPostprocessing = 0;
		};
		5326EB172BAB277000B0C9C9 /* Resources */ = {
			isa = PBXResourcesBuildPhase;
			buildActionMask = 2147483647;
			files = (
			);
			runOnlyForDeploymentPostprocessing = 0;
		};
/* End PBXResourcesBuildPhase section */

/* Begin PBXSourcesBuildPhase section */
		5326EAFB2BAB276F00B0C9C9 /* Sources */ = {
			isa = PBXSourcesBuildPhase;
			buildActionMask = 2147483647;
			files = (
				5356E0C62BB19D4400345914 /* Pokemon.swift in Sources */,
				5326EB052BAB276F00B0C9C9 /* ContentView.swift in Sources */,
				5326EB032BAB276F00B0C9C9 /* PokeAPIApp.swift in Sources */,
				53EBD7672BAB91AA005739E9 /* PokemonCell.swift in Sources */,
				53EBD7692BAB9D2E005739E9 /* PokedexView.swift in Sources */,
			);
			runOnlyForDeploymentPostprocessing = 0;
		};
		5326EB0B2BAB277000B0C9C9 /* Sources */ = {
			isa = PBXSourcesBuildPhase;
			buildActionMask = 2147483647;
			files = (
				5326EB142BAB277000B0C9C9 /* PokeAPITests.swift in Sources */,
			);
			runOnlyForDeploymentPostprocessing = 0;
		};
		5326EB152BAB277000B0C9C9 /* Sources */ = {
			isa = PBXSourcesBuildPhase;
			buildActionMask = 2147483647;
			files = (
				5326EB202BAB277000B0C9C9 /* PokeAPIUITestsLaunchTests.swift in Sources */,
				5326EB1E2BAB277000B0C9C9 /* PokeAPIUITests.swift in Sources */,
			);
			runOnlyForDeploymentPostprocessing = 0;
		};
/* End PBXSourcesBuildPhase section */

/* Begin PBXTargetDependency section */
		5326EB112BAB277000B0C9C9 /* PBXTargetDependency */ = {
			isa = PBXTargetDependency;
			target = 5326EAFE2BAB276F00B0C9C9 /* PokeAPI */;
			targetProxy = 5326EB102BAB277000B0C9C9 /* PBXContainerItemProxy */;
		};
		5326EB1B2BAB277000B0C9C9 /* PBXTargetDependency */ = {
			isa = PBXTargetDependency;
			target = 5326EAFE2BAB276F00B0C9C9 /* PokeAPI */;
			targetProxy = 5326EB1A2BAB277000B0C9C9 /* PBXContainerItemProxy */;
		};
/* End PBXTargetDependency section */

/* Begin XCBuildConfiguration section */
		5326EB212BAB277000B0C9C9 /* Debug */ = {
			isa = XCBuildConfiguration;
			buildSettings = {
				ALWAYS_SEARCH_USER_PATHS = NO;
				ASSETCATALOG_COMPILER_GENERATE_SWIFT_ASSET_SYMBOL_EXTENSIONS = YES;
				CLANG_ANALYZER_NONNULL = YES;
				CLANG_ANALYZER_NUMBER_OBJECT_CONVERSION = YES_AGGRESSIVE;
				CLANG_CXX_LANGUAGE_STANDARD = "gnu++20";
				CLANG_ENABLE_MODULES = YES;
				CLANG_ENABLE_OBJC_ARC = YES;
				CLANG_ENABLE_OBJC_WEAK = YES;
				CLANG_WARN_BLOCK_CAPTURE_AUTORELEASING = YES;
				CLANG_WARN_BOOL_CONVERSION = YES;
				CLANG_WARN_COMMA = YES;
				CLANG_WARN_CONSTANT_CONVERSION = YES;
				CLANG_WARN_DEPRECATED_OBJC_IMPLEMENTATIONS = YES;
				CLANG_WARN_DIRECT_OBJC_ISA_USAGE = YES_ERROR;
				CLANG_WARN_DOCUMENTATION_COMMENTS = YES;
				CLANG_WARN_EMPTY_BODY = YES;
				CLANG_WARN_ENUM_CONVERSION = YES;
				CLANG_WARN_INFINITE_RECURSION = YES;
				CLANG_WARN_INT_CONVERSION = YES;
				CLANG_WARN_NON_LITERAL_NULL_CONVERSION = YES;
				CLANG_WARN_OBJC_IMPLICIT_RETAIN_SELF = YES;
				CLANG_WARN_OBJC_LITERAL_CONVERSION = YES;
				CLANG_WARN_OBJC_ROOT_CLASS = YES_ERROR;
				CLANG_WARN_QUOTED_INCLUDE_IN_FRAMEWORK_HEADER = YES;
				CLANG_WARN_RANGE_LOOP_ANALYSIS = YES;
				CLANG_WARN_STRICT_PROTOTYPES = YES;
				CLANG_WARN_SUSPICIOUS_MOVE = YES;
				CLANG_WARN_UNGUARDED_AVAILABILITY = YES_AGGRESSIVE;
				CLANG_WARN_UNREACHABLE_CODE = YES;
				CLANG_WARN__DUPLICATE_METHOD_MATCH = YES;
				COPY_PHASE_STRIP = NO;
				DEBUG_INFORMATION_FORMAT = dwarf;
				ENABLE_STRICT_OBJC_MSGSEND = YES;
				ENABLE_TESTABILITY = YES;
				ENABLE_USER_SCRIPT_SANDBOXING = YES;
				GCC_C_LANGUAGE_STANDARD = gnu17;
				GCC_DYNAMIC_NO_PIC = NO;
				GCC_NO_COMMON_BLOCKS = YES;
				GCC_OPTIMIZATION_LEVEL = 0;
				GCC_PREPROCESSOR_DEFINITIONS = (
					"DEBUG=1",
					"$(inherited)",
				);
				GCC_WARN_64_TO_32_BIT_CONVERSION = YES;
				GCC_WARN_ABOUT_RETURN_TYPE = YES_ERROR;
				GCC_WARN_UNDECLARED_SELECTOR = YES;
				GCC_WARN_UNINITIALIZED_AUTOS = YES_AGGRESSIVE;
				GCC_WARN_UNUSED_FUNCTION = YES;
				GCC_WARN_UNUSED_VARIABLE = YES;
				IPHONEOS_DEPLOYMENT_TARGET = 17.4;
				LOCALIZATION_PREFERS_STRING_CATALOGS = YES;
				MTL_ENABLE_DEBUG_INFO = INCLUDE_SOURCE;
				MTL_FAST_MATH = YES;
				ONLY_ACTIVE_ARCH = YES;
				SDKROOT = iphoneos;
				SWIFT_ACTIVE_COMPILATION_CONDITIONS = "DEBUG $(inherited)";
				SWIFT_OPTIMIZATION_LEVEL = "-Onone";
			};
			name = Debug;
		};
		5326EB222BAB277000B0C9C9 /* Release */ = {
			isa = XCBuildConfiguration;
			buildSettings = {
				ALWAYS_SEARCH_USER_PATHS = NO;
				ASSETCATALOG_COMPILER_GENERATE_SWIFT_ASSET_SYMBOL_EXTENSIONS = YES;
				CLANG_ANALYZER_NONNULL = YES;
				CLANG_ANALYZER_NUMBER_OBJECT_CONVERSION = YES_AGGRESSIVE;
				CLANG_CXX_LANGUAGE_STANDARD = "gnu++20";
				CLANG_ENABLE_MODULES = YES;
				CLANG_ENABLE_OBJC_ARC = YES;
				CLANG_ENABLE_OBJC_WEAK = YES;
				CLANG_WARN_BLOCK_CAPTURE_AUTORELEASING = YES;
				CLANG_WARN_BOOL_CONVERSION = YES;
				CLANG_WARN_COMMA = YES;
				CLANG_WARN_CONSTANT_CONVERSION = YES;
				CLANG_WARN_DEPRECATED_OBJC_IMPLEMENTATIONS = YES;
				CLANG_WARN_DIRECT_OBJC_ISA_USAGE = YES_ERROR;
				CLANG_WARN_DOCUMENTATION_COMMENTS = YES;
				CLANG_WARN_EMPTY_BODY = YES;
				CLANG_WARN_ENUM_CONVERSION = YES;
				CLANG_WARN_INFINITE_RECURSION = YES;
				CLANG_WARN_INT_CONVERSION = YES;
				CLANG_WARN_NON_LITERAL_NULL_CONVERSION = YES;
				CLANG_WARN_OBJC_IMPLICIT_RETAIN_SELF = YES;
				CLANG_WARN_OBJC_LITERAL_CONVERSION = YES;
				CLANG_WARN_OBJC_ROOT_CLASS = YES_ERROR;
				CLANG_WARN_QUOTED_INCLUDE_IN_FRAMEWORK_HEADER = YES;
				CLANG_WARN_RANGE_LOOP_ANALYSIS = YES;
				CLANG_WARN_STRICT_PROTOTYPES = YES;
				CLANG_WARN_SUSPICIOUS_MOVE = YES;
				CLANG_WARN_UNGUARDED_AVAILABILITY = YES_AGGRESSIVE;
				CLANG_WARN_UNREACHABLE_CODE = YES;
				CLANG_WARN__DUPLICATE_METHOD_MATCH = YES;
				COPY_PHASE_STRIP = NO;
				DEBUG_INFORMATION_FORMAT = "dwarf-with-dsym";
				ENABLE_NS_ASSERTIONS = NO;
				ENABLE_STRICT_OBJC_MSGSEND = YES;
				ENABLE_USER_SCRIPT_SANDBOXING = YES;
				GCC_C_LANGUAGE_STANDARD = gnu17;
				GCC_NO_COMMON_BLOCKS = YES;
				GCC_WARN_64_TO_32_BIT_CONVERSION = YES;
				GCC_WARN_ABOUT_RETURN_TYPE = YES_ERROR;
				GCC_WARN_UNDECLARED_SELECTOR = YES;
				GCC_WARN_UNINITIALIZED_AUTOS = YES_AGGRESSIVE;
				GCC_WARN_UNUSED_FUNCTION = YES;
				GCC_WARN_UNUSED_VARIABLE = YES;
				IPHONEOS_DEPLOYMENT_TARGET = 17.4;
				LOCALIZATION_PREFERS_STRING_CATALOGS = YES;
				MTL_ENABLE_DEBUG_INFO = NO;
				MTL_FAST_MATH = YES;
				SDKROOT = iphoneos;
				SWIFT_COMPILATION_MODE = wholemodule;
				VALIDATE_PRODUCT = YES;
			};
			name = Release;
		};
		5326EB242BAB277000B0C9C9 /* Debug */ = {
			isa = XCBuildConfiguration;
			buildSettings = {
				ASSETCATALOG_COMPILER_APPICON_NAME = AppIcon;
				ASSETCATALOG_COMPILER_GLOBAL_ACCENT_COLOR_NAME = AccentColor;
				CODE_SIGN_STYLE = Automatic;
				CURRENT_PROJECT_VERSION = 1;
				DEVELOPMENT_ASSET_PATHS = "\"PokeAPI/Preview Content\"";
				ENABLE_PREVIEWS = YES;
				GENERATE_INFOPLIST_FILE = YES;
				INFOPLIST_KEY_UIApplicationSceneManifest_Generation = YES;
				INFOPLIST_KEY_UIApplicationSupportsIndirectInputEvents = YES;
				INFOPLIST_KEY_UILaunchScreen_Generation = YES;
				INFOPLIST_KEY_UISupportedInterfaceOrientations_iPad = "UIInterfaceOrientationPortrait UIInterfaceOrientationPortraitUpsideDown UIInterfaceOrientationLandscapeLeft UIInterfaceOrientationLandscapeRight";
				INFOPLIST_KEY_UISupportedInterfaceOrientations_iPhone = "UIInterfaceOrientationPortrait UIInterfaceOrientationLandscapeLeft UIInterfaceOrientationLandscapeRight";
				LD_RUNPATH_SEARCH_PATHS = (
					"$(inherited)",
					"@executable_path/Frameworks",
				);
				MARKETING_VERSION = 1.0;
				PRODUCT_BUNDLE_IDENTIFIER = com.hinaf0224.PokeAPI;
				PRODUCT_NAME = "$(TARGET_NAME)";
				SWIFT_EMIT_LOC_STRINGS = YES;
				SWIFT_VERSION = 5.0;
				TARGETED_DEVICE_FAMILY = "1,2";
			};
			name = Debug;
		};
		5326EB252BAB277000B0C9C9 /* Release */ = {
			isa = XCBuildConfiguration;
			buildSettings = {
				ASSETCATALOG_COMPILER_APPICON_NAME = AppIcon;
				ASSETCATALOG_COMPILER_GLOBAL_ACCENT_COLOR_NAME = AccentColor;
				CODE_SIGN_STYLE = Automatic;
				CURRENT_PROJECT_VERSION = 1;
				DEVELOPMENT_ASSET_PATHS = "\"PokeAPI/Preview Content\"";
				ENABLE_PREVIEWS = YES;
				GENERATE_INFOPLIST_FILE = YES;
				INFOPLIST_KEY_UIApplicationSceneManifest_Generation = YES;
				INFOPLIST_KEY_UIApplicationSupportsIndirectInputEvents = YES;
				INFOPLIST_KEY_UILaunchScreen_Generation = YES;
				INFOPLIST_KEY_UISupportedInterfaceOrientations_iPad = "UIInterfaceOrientationPortrait UIInterfaceOrientationPortraitUpsideDown UIInterfaceOrientationLandscapeLeft UIInterfaceOrientationLandscapeRight";
				INFOPLIST_KEY_UISupportedInterfaceOrientations_iPhone = "UIInterfaceOrientationPortrait UIInterfaceOrientationLandscapeLeft UIInterfaceOrientationLandscapeRight";
				LD_RUNPATH_SEARCH_PATHS = (
					"$(inherited)",
					"@executable_path/Frameworks",
				);
				MARKETING_VERSION = 1.0;
				PRODUCT_BUNDLE_IDENTIFIER = com.hinaf0224.PokeAPI;
				PRODUCT_NAME = "$(TARGET_NAME)";
				SWIFT_EMIT_LOC_STRINGS = YES;
				SWIFT_VERSION = 5.0;
				TARGETED_DEVICE_FAMILY = "1,2";
			};
			name = Release;
		};
		5326EB272BAB277000B0C9C9 /* Debug */ = {
			isa = XCBuildConfiguration;
			buildSettings = {
				ALWAYS_EMBED_SWIFT_STANDARD_LIBRARIES = YES;
				BUNDLE_LOADER = "$(TEST_HOST)";
				CODE_SIGN_STYLE = Automatic;
				CURRENT_PROJECT_VERSION = 1;
				GENERATE_INFOPLIST_FILE = YES;
				IPHONEOS_DEPLOYMENT_TARGET = 17.4;
				MARKETING_VERSION = 1.0;
				PRODUCT_BUNDLE_IDENTIFIER = com.hinaf0224.PokeAPITests;
				PRODUCT_NAME = "$(TARGET_NAME)";
				SWIFT_EMIT_LOC_STRINGS = NO;
				SWIFT_VERSION = 5.0;
				TARGETED_DEVICE_FAMILY = "1,2";
				TEST_HOST = "$(BUILT_PRODUCTS_DIR)/PokeAPI.app/$(BUNDLE_EXECUTABLE_FOLDER_PATH)/PokeAPI";
			};
			name = Debug;
		};
		5326EB282BAB277000B0C9C9 /* Release */ = {
			isa = XCBuildConfiguration;
			buildSettings = {
				ALWAYS_EMBED_SWIFT_STANDARD_LIBRARIES = YES;
				BUNDLE_LOADER = "$(TEST_HOST)";
				CODE_SIGN_STYLE = Automatic;
				CURRENT_PROJECT_VERSION = 1;
				GENERATE_INFOPLIST_FILE = YES;
				IPHONEOS_DEPLOYMENT_TARGET = 17.4;
				MARKETING_VERSION = 1.0;
				PRODUCT_BUNDLE_IDENTIFIER = com.hinaf0224.PokeAPITests;
				PRODUCT_NAME = "$(TARGET_NAME)";
				SWIFT_EMIT_LOC_STRINGS = NO;
				SWIFT_VERSION = 5.0;
				TARGETED_DEVICE_FAMILY = "1,2";
				TEST_HOST = "$(BUILT_PRODUCTS_DIR)/PokeAPI.app/$(BUNDLE_EXECUTABLE_FOLDER_PATH)/PokeAPI";
			};
			name = Release;
		};
		5326EB2A2BAB277000B0C9C9 /* Debug */ = {
			isa = XCBuildConfiguration;
			buildSettings = {
				ALWAYS_EMBED_SWIFT_STANDARD_LIBRARIES = YES;
				CODE_SIGN_STYLE = Automatic;
				CURRENT_PROJECT_VERSION = 1;
				GENERATE_INFOPLIST_FILE = YES;
				MARKETING_VERSION = 1.0;
				PRODUCT_BUNDLE_IDENTIFIER = com.hinaf0224.PokeAPIUITests;
				PRODUCT_NAME = "$(TARGET_NAME)";
				SWIFT_EMIT_LOC_STRINGS = NO;
				SWIFT_VERSION = 5.0;
				TARGETED_DEVICE_FAMILY = "1,2";
				TEST_TARGET_NAME = PokeAPI;
			};
			name = Debug;
		};
		5326EB2B2BAB277000B0C9C9 /* Release */ = {
			isa = XCBuildConfiguration;
			buildSettings = {
				ALWAYS_EMBED_SWIFT_STANDARD_LIBRARIES = YES;
				CODE_SIGN_STYLE = Automatic;
				CURRENT_PROJECT_VERSION = 1;
				GENERATE_INFOPLIST_FILE = YES;
				MARKETING_VERSION = 1.0;
				PRODUCT_BUNDLE_IDENTIFIER = com.hinaf0224.PokeAPIUITests;
				PRODUCT_NAME = "$(TARGET_NAME)";
				SWIFT_EMIT_LOC_STRINGS = NO;
				SWIFT_VERSION = 5.0;
				TARGETED_DEVICE_FAMILY = "1,2";
				TEST_TARGET_NAME = PokeAPI;
			};
			name = Release;
		};
/* End XCBuildConfiguration section */

/* Begin XCConfigurationList section */
		5326EAFA2BAB276F00B0C9C9 /* Build configuration list for PBXProject "PokeAPI" */ = {
			isa = XCConfigurationList;
			buildConfigurations = (
				5326EB212BAB277000B0C9C9 /* Debug */,
				5326EB222BAB277000B0C9C9 /* Release */,
			);
			defaultConfigurationIsVisible = 0;
			defaultConfigurationName = Release;
		};
		5326EB232BAB277000B0C9C9 /* Build configuration list for PBXNativeTarget "PokeAPI" */ = {
			isa = XCConfigurationList;
			buildConfigurations = (
				5326EB242BAB277000B0C9C9 /* Debug */,
				5326EB252BAB277000B0C9C9 /* Release */,
			);
			defaultConfigurationIsVisible = 0;
			defaultConfigurationName = Release;
		};
		5326EB262BAB277000B0C9C9 /* Build configuration list for PBXNativeTarget "PokeAPITests" */ = {
			isa = XCConfigurationList;
			buildConfigurations = (
				5326EB272BAB277000B0C9C9 /* Debug */,
				5326EB282BAB277000B0C9C9 /* Release */,
			);
			defaultConfigurationIsVisible = 0;
			defaultConfigurationName = Release;
		};
		5326EB292BAB277000B0C9C9 /* Build configuration list for PBXNativeTarget "PokeAPIUITests" */ = {
			isa = XCConfigurationList;
			buildConfigurations = (
				5326EB2A2BAB277000B0C9C9 /* Debug */,
				5326EB2B2BAB277000B0C9C9 /* Release */,
			);
			defaultConfigurationIsVisible = 0;
			defaultConfigurationName = Release;
		};
/* End XCConfigurationList section */
	};
	rootObject = 5326EAF72BAB276F00B0C9C9 /* Project object */;
}
